
Microsoft Visual Studio Solution File, Format Version 12.00
# Visual Studio 15
VisualStudioVersion = 15.0.27004.2005
MinimumVisualStudioVersion = 10.0.40219.1
Project("{FAE04EC0-301F-11D3-BF4B-00C04F79EFBC}") = "TryToClick", "TryToClick\TryToClick.csproj", "{824BA0CA-3938-478D-B4A6-F385F05918E8}"
EndProject
Global
	GlobalSection(SolutionConfigurationPlatforms) = preSolution
		Debug|Any CPU = Debug|Any CPU
		Release|Any CPU = Release|Any CPU
	EndGlobalSection
	GlobalSection(ProjectConfigurationPlatforms) = postSolution
		{824BA0CA-3938-478D-B4A6-F385F05918E8}.Debug|Any CPU.ActiveCfg = Debug|Any CPU
		{824BA0CA-3938-478D-B4A6-F385F05918E8}.Debug|Any CPU.Build.0 = Debug|Any CPU
		{824BA0CA-3938-478D-B4A6-F385F05918E8}.Release|Any CPU.ActiveCfg = Release|Any CPU
		{824BA0CA-3938-478D-B4A6-F385F05918E8}.Release|Any CPU.Build.0 = Release|Any CPU
	EndGlobalSection
	GlobalSection(SolutionProperties) = preSolution
		HideSolutionNode = FALSE
	EndGlobalSection
	GlobalSection(ExtensibilityGlobals) = postSolution
		SolutionGuid = {16F0CDF6-BA08-44EE-9A54-920D60493E5B}
	EndGlobalSection
EndGlobal
